
Microsoft Visual Studio Solution File, Format Version 12.00
# Visual Studio 14
VisualStudioVersion = 14.0.25123.0
MinimumVisualStudioVersion = 10.0.40219.1
Project("{FAE04EC0-301F-11D3-BF4B-00C04F79EFBC}") = "Point3D", "DefiningClasses\Point3D.csproj", "{B6877611-C1DB-4BD0-95BA-A67E2B0F97E9}"
EndProject
Project("{FAE04EC0-301F-11D3-BF4B-00C04F79EFBC}") = "GenericClass", "GenericClass\GenericClass.csproj", "{8B45D6BC-A85B-4240-A8AB-3B9DD2BAF455}"
EndProject
Project("{FAE04EC0-301F-11D3-BF4B-00C04F79EFBC}") = "Matrix", "Matrix\Matrix.csproj", "{E204101F-8B08-4CBB-B4CC-D2D71E6D5DD7}"
EndProject
Project("{FAE04EC0-301F-11D3-BF4B-00C04F79EFBC}") = "VersionAttribute", "VersionAttribute\VersionAttribute.csproj", "{572CCEF6-57FA-4FEA-9F5F-F09CF6C59447}"
EndProject
Global
	GlobalSection(SolutionConfigurationPlatforms) = preSolution
		Debug|Any CPU = Debug|Any CPU
		Release|Any CPU = Release|Any CPU
	EndGlobalSection
	GlobalSection(ProjectConfigurationPlatforms) = postSolution
		{B6877611-C1DB-4BD0-95BA-A67E2B0F97E9}.Debug|Any CPU.ActiveCfg = Debug|Any CPU
		{B6877611-C1DB-4BD0-95BA-A67E2B0F97E9}.Debug|Any CPU.Build.0 = Debug|Any CPU
		{B6877611-C1DB-4BD0-95BA-A67E2B0F97E9}.Release|Any CPU.ActiveCfg = Release|Any CPU
		{B6877611-C1DB-4BD0-95BA-A67E2B0F97E9}.Release|Any CPU.Build.0 = Release|Any CPU
		{8B45D6BC-A85B-4240-A8AB-3B9DD2BAF455}.Debug|Any CPU.ActiveCfg = Debug|Any CPU
		{8B45D6BC-A85B-4240-A8AB-3B9DD2BAF455}.Debug|Any CPU.Build.0 = Debug|Any CPU
		{8B45D6BC-A85B-4240-A8AB-3B9DD2BAF455}.Release|Any CPU.ActiveCfg = Release|Any CPU
		{8B45D6BC-A85B-4240-A8AB-3B9DD2BAF455}.Release|Any CPU.Build.0 = Release|Any CPU
		{E204101F-8B08-4CBB-B4CC-D2D71E6D5DD7}.Debug|Any CPU.ActiveCfg = Debug|Any CPU
		{E204101F-8B08-4CBB-B4CC-D2D71E6D5DD7}.Debug|Any CPU.Build.0 = Debug|Any CPU
		{E204101F-8B08-4CBB-B4CC-D2D71E6D5DD7}.Release|Any CPU.ActiveCfg = Release|Any CPU
		{E204101F-8B08-4CBB-B4CC-D2D71E6D5DD7}.Release|Any CPU.Build.0 = Release|Any CPU
		{572CCEF6-57FA-4FEA-9F5F-F09CF6C59447}.Debug|Any CPU.ActiveCfg = Debug|Any CPU
		{572CCEF6-57FA-4FEA-9F5F-F09CF6C59447}.Debug|Any CPU.Build.0 = Debug|Any CPU
		{572CCEF6-57FA-4FEA-9F5F-F09CF6C59447}.Release|Any CPU.ActiveCfg = Release|Any CPU
		{572CCEF6-57FA-4FEA-9F5F-F09CF6C59447}.Release|Any CPU.Build.0 = Release|Any CPU
	EndGlobalSection
	GlobalSection(SolutionProperties) = preSolution
		HideSolutionNode = FALSE
	EndGlobalSection
EndGlobal
